github.com/boltdb/bolt v1.3.1 h1:JQmyP4ZBrce+ZQu0dY660FMfatumYDLun9hBCUVIkF4=
github.com/boltdb/bolt v1.3.1/go.mod h1:clJnj/oiGkjum5o1McbSZDSLxVThjynRyGBgiAx27Ps=
golang.org/x/sys v0.0.0-20190201152629-afcc84fd7533 h1:bLfqnzrpeG4usq5OvMCrwTdmMJ6aTmlCuo1eKl0mhkI=
golang.org/x/sys v0.0.0-20190201152629-afcc84fd7533/go.mod h1:STP8DvDyc/dI5b8T5hshtkjS+E42TnysNCUPdjciGhY=
